
Microsoft Visual Studio Solution File, Format Version 12.00
# Visual Studio Version 16
VisualStudioVersion = 16.0.29728.190
MinimumVisualStudioVersion = 10.0.40219.1
Project("{F184B08F-C81C-45F6-A57F-5ABD9991F28F}") = "Calculator - VB.net", "Calculator - VB.net\Calculator - VB.net.vbproj", "{D8714B43-6013-478C-8C55-4B4ACC4D547F}"
EndProject
Global
	GlobalSection(SolutionConfigurationPlatforms) = preSolution
		Debug|Any CPU = Debug|Any CPU
		Release|Any CPU = Release|Any CPU
	EndGlobalSection
	GlobalSection(ProjectConfigurationPlatforms) = postSolution
		{D8714B43-6013-478C-8C55-4B4ACC4D547F}.Debug|Any CPU.ActiveCfg = Debug|Any CPU
		{D8714B43-6013-478C-8C55-4B4ACC4D547F}.Debug|Any CPU.Build.0 = Debug|Any CPU
		{D8714B43-6013-478C-8C55-4B4ACC4D547F}.Release|Any CPU.ActiveCfg = Release|Any CPU
		{D8714B43-6013-478C-8C55-4B4ACC4D547F}.Release|Any CPU.Build.0 = Release|Any CPU
	EndGlobalSection
	GlobalSection(SolutionProperties) = preSolution
		HideSolutionNode = FALSE
	EndGlobalSection
	GlobalSection(ExtensibilityGlobals) = postSolution
		SolutionGuid = {A61138A5-155E-401B-A4DE-A95B7579927F}
	EndGlobalSection
EndGlobal
